
Microsoft Visual Studio Solution File, Format Version 12.00
# Visual Studio Version 16
VisualStudioVersion = 16.0.30804.86
MinimumVisualStudioVersion = 10.0.40219.1
Project("{FAE04EC0-301F-11D3-BF4B-00C04F79EFBC}") = "Domain", "Domain\Domain.csproj", "{FFE269D0-01A3-4ED3-9C2C-6C3FD66E2958}"
EndProject
Global
	GlobalSection(SolutionConfigurationPlatforms) = preSolution
		Debug|Any CPU = Debug|Any CPU
		Release|Any CPU = Release|Any CPU
	EndGlobalSection
	GlobalSection(ProjectConfigurationPlatforms) = postSolution
		{FFE269D0-01A3-4ED3-9C2C-6C3FD66E2958}.Debug|Any CPU.ActiveCfg = Debug|Any CPU
		{FFE269D0-01A3-4ED3-9C2C-6C3FD66E2958}.Debug|Any CPU.Build.0 = Debug|Any CPU
		{FFE269D0-01A3-4ED3-9C2C-6C3FD66E2958}.Release|Any CPU.ActiveCfg = Release|Any CPU
		{FFE269D0-01A3-4ED3-9C2C-6C3FD66E2958}.Release|Any CPU.Build.0 = Release|Any CPU
	EndGlobalSection
	GlobalSection(SolutionProperties) = preSolution
		HideSolutionNode = FALSE
	EndGlobalSection
	GlobalSection(ExtensibilityGlobals) = postSolution
		SolutionGuid = {41574C5E-F482-435B-9235-462178FD9188}
	EndGlobalSection
EndGlobal
